
Microsoft Visual Studio Solution File, Format Version 12.00
# Visual Studio 15
VisualStudioVersion = 15.0.28307.136
MinimumVisualStudioVersion = 10.0.40219.1
Project("{888888A0-9F3D-457C-B088-3A5042F75D52}") = "DateDataProcess", "DateDataProcess\DateDataProcess.pyproj", "{1A223846-A069-45B8-9DD2-89CDEAED10FB}"
EndProject
Global
	GlobalSection(SolutionConfigurationPlatforms) = preSolution
		Debug|Any CPU = Debug|Any CPU
		Release|Any CPU = Release|Any CPU
	EndGlobalSection
	GlobalSection(ProjectConfigurationPlatforms) = postSolution
		{1A223846-A069-45B8-9DD2-89CDEAED10FB}.Debug|Any CPU.ActiveCfg = Debug|Any CPU
		{1A223846-A069-45B8-9DD2-89CDEAED10FB}.Release|Any CPU.ActiveCfg = Release|Any CPU
	EndGlobalSection
	GlobalSection(SolutionProperties) = preSolution
		HideSolutionNode = FALSE
	EndGlobalSection
	GlobalSection(ExtensibilityGlobals) = postSolution
		SolutionGuid = {67C00D14-2AAC-422E-AE63-7EED19A76B2E}
	EndGlobalSection
EndGlobal
